github.com/google/go-cmp v0.7.0 h1:wk8382ETsv4JYUZwIsn6YpYiWiBsYLSJiTsyBybVuN8=
github.com/google/go-cmp v0.7.0/go.mod h1:pXiqmnSA92OHEEa9HXL2W4E7lf9JzCmGVUdgjX3N/iU=
github.com/google/uuid v1.6.0 h1:NIvaJDMOsjHA8n1jAhLSgzrAzy1Hgr+hNrb57e+94F0=
github.com/google/uuid v1.6.0/go.mod h1:TIyPZe4MgqvfeYDBFedMoGGpEw/LqOeaOT+nhxU+yHo=
github.com/gorilla/websocket v1.5.3 h1:saDtZ6Pbx/0u+bgYQ3q96pZgCzfhKXGPqt7kZ72aNNg=
github.com/gorilla/websocket v1.5.3/go.mod h1:YR8l580nyteQvAITg2hZ9XVh4b55+EU/adAjf1fMHhE=
github.com/lib/pq v1.12.3 h1:tTWxr2YLKwIvK90ZXEw8GP7UFHtcbTtty8zsI+YjrfQ=
github.com/lib/pq v1.12.3/go.mod h1:/p+8NSbOcwzAEI7wiMXFlgydTwcgTr3OSKMsD2BitpA=
github.com/saichler/l8bus v0.0.0-20260507121220-fb7db984917c h1:O2F3w7Ir6Ugn3dSFaKXP/O8RUEhvDl7ghkFpvgn+JXA=
github.com/saichler/l8bus v0.0.0-20260507121220-fb7db984917c/go.mod h1:ZK1m4Zqy9WhGVZXl5znHTr7+/r19rOytqwBqhH02Ui8=
github.com/saichler/l8common v0.0.0-20260505024122-8e5ad212b06b h1:OA51aSFFyCABYRzlzlfuVYN4X5gPQnqmQA6BArHibJU=
github.com/saichler/l8common v0.0.0-20260505024122-8e5ad212b06b/go.mod h1:O7WSHyHK4HPPkolxZn41hxzA0ufOTo6jDcTqL7KRS8k=
github.com/saichler/l8logfusion v0.0.0-20260320120056-3a3617eed28f h1:Nu6RgBrk2H9tSXSRCsahJb/f8hrMrsL6zfYuSA5WutU=
github.com/saichler/l8logfusion v0.0.0-20260320120056-3a3617eed28f/go.mod h1:EhJL938t2Xp4gOS6qw267xa5hNuumSVUi1zhWzTxZk8=
github.com/saichler/l8notify v0.0.0-20260404194656-ca373e226b7d h1:I/Jsxz2bFt2VqcmAmc2gxKdWfbo+JHFywVAmCusJSYc=
github.com/saichler/l8notify v0.0.0-20260404194656-ca373e226b7d/go.mod h1:L7K9krej6ZIA24Vy8sGaIQivJdO6m9AlWJIBISa2LKc=
github.com/saichler/l8orm v0.0.0-20260510153853-58c11517f1c8 h1:mqONmZq56mprk8wKwM+d1hZIH4cT3K2B/z5uAHfTBUw=
github.com/saichler/l8orm v0.0.0-20260510153853-58c11517f1c8/go.mod h1:FYnievTs9ZZ3WE8pjDC1y2Mu+SnNJa7rPY5q1LJbn+A=
github.com/saichler/l8pollaris v0.0.0-20260418233826-378ba5e9453a h1:kRhMgzkwvc+Odh/LpTObaaar1ffCkTEeZPXlSB1smfI=
github.com/saichler/l8pollaris v0.0.0-20260418233826-378ba5e9453a/go.mod h1:rKrN5hhpgU8hjfPZ6R8/iYN7UWhTZ4t168jcwa9HVMQ=
github.com/saichler/l8ql v0.0.0-20260514214457-3255783ba023 h1:k3ZhRyKoirXAO5HdyIR2X7Nc8gsFtXJWCnryViYx0MQ=
github.com/saichler/l8ql v0.0.0-20260514214457-3255783ba023/go.mod h1:boBPUwEYgpyyTcZcqqjDDYgqkjemEO7iR8kdOwkS1S0=
github.com/saichler/l8reflect v0.0.0-20260510153526-a40cb00e4db2 h1:2eDzFMHV/qPqgvz5Kr72q+FStRX9+JSqpX1Ay1cQIAs=
github.com/saichler/l8reflect v0.0.0-20260510153526-a40cb00e4db2/go.mod h1:yCkCd5JQKqKG+dr6h0HYDiLvNAB8uLUUOdWApnWUw24=
github.com/saichler/l8services v0.0.0-20260507104132-1658bd7baa30 h1:D2vaED3Uq/pCePx07NvTbCpMbl3sKv6hlPLaWPrYhwI=
github.com/saichler/l8services v0.0.0-20260507104132-1658bd7baa30/go.mod h1:9c3fnIfjQmQ4kyk5Nm3+LsrRWOwmbXvIzK2Xmjf8f1c=
github.com/saichler/l8srlz v0.0.0-20260322124809-505a0d08f95d h1:r12x0ozovrtFsFs9CDtUT5kbJ7QycyAvgefBrgLyN+s=
github.com/saichler/l8srlz v0.0.0-20260322124809-505a0d08f95d/go.mod h1:uDYNwF/5JUA39cg47kX8k+Qh5sI5WjfxgrfmCX5zmwo=
github.com/saichler/l8types v0.0.0-20260523165750-476130c0d811 h1:y4iJkueo7/TLrdMyFZgQ/iMMp+Pb2ziowCGa7CfQSmU=
github.com/saichler/l8types v0.0.0-20260523165750-476130c0d811/go.mod h1:0+Snl9PYq+caqTu6OBVaw7mQVn0TrRY9OJz+GelHuM4=
github.com/saichler/l8utils v0.0.0-20260523164237-1ceabdf92c0d h1:ORmKWmC09UrDmXjXCPL6OftktGirDg71BPH9TtYNz0c=
github.com/saichler/l8utils v0.0.0-20260523164237-1ceabdf92c0d/go.mod h1:nKdvYAEGLyHfxPg09oR6OfkJ0SniSbPb+Zi6wr/D5LU=
github.com/saichler/l8web v0.0.0-20260508110248-236a0cd55e74 h1:kBp/rM4IY/z7Jk2dBeW6e7uueskuAjWihpOrGYENMdc=
github.com/saichler/l8web v0.0.0-20260508110248-236a0cd55e74/go.mod h1:r2j6dgKs41L+dwaSh3hQ9OJN0RnQP0C8NWxAbAn+c8c=
github.com/saichler/probler v0.0.0-20260523194022-a99896a9e09c h1:zrcj7qa4/CJJUOJP6N6l03OUHL7g4vRCa42DKXSIWGg=
github.com/saichler/probler v0.0.0-20260523194022-a99896a9e09c/go.mod h1:3SmozVci2+FIzlQkm7PuXcUxfG8Qjc+Nml1/0AJPQrc=
golang.org/x/sys v0.45.0 h1:dO4czNzziLiiXplLQgBCEpCvXQ3dnkn0SdaZSYdQ+FY=
golang.org/x/sys v0.45.0/go.mod h1:4GL1E5IUh+htKOUEOaiffhrAeqysfVGipDYzABqnCmw=
google.golang.org/protobuf v1.36.11 h1:fV6ZwhNocDyBLK0dj+fg8ektcVegBBuEolpbTQyBNVE=
google.golang.org/protobuf v1.36.11/go.mod h1:HTf+CrKn2C3g5S8VImy6tdcUvCska2kB7j23XfzDpco=
